
Microsoft Visual Studio Solution File, Format Version 12.00
# Visual Studio Version 17
VisualStudioVersion = 17.3.32922.545
MinimumVisualStudioVersion = 10.0.40219.1
Project("{8BC9CEB8-8B4A-11D0-8D11-00A0C91BC942}") = "cpp_server", "cpp_server\cpp_server.vcxproj", "{716610E3-C88E-4B23-A1F7-B830E0FE6792}"
EndProject
Global
	GlobalSection(SolutionConfigurationPlatforms) = preSolution
		Debug|x64 = Debug|x64
		Debug|x86 = Debug|x86
		Release|x64 = Release|x64
		Release|x86 = Release|x86
	EndGlobalSection
	GlobalSection(ProjectConfigurationPlatforms) = postSolution
		{716610E3-C88E-4B23-A1F7-B830E0FE6792}.Debug|x64.ActiveCfg = Debug|x64
		{716610E3-C88E-4B23-A1F7-B830E0FE6792}.Debug|x64.Build.0 = Debug|x64
		{716610E3-C88E-4B23-A1F7-B830E0FE6792}.Debug|x86.ActiveCfg = Debug|Win32
		{716610E3-C88E-4B23-A1F7-B830E0FE6792}.Debug|x86.Build.0 = Debug|Win32
		{716610E3-C88E-4B23-A1F7-B830E0FE6792}.Release|x64.ActiveCfg = Release|x64
		{716610E3-C88E-4B23-A1F7-B830E0FE6792}.Release|x64.Build.0 = Release|x64
		{716610E3-C88E-4B23-A1F7-B830E0FE6792}.Release|x86.ActiveCfg = Release|Win32
		{716610E3-C88E-4B23-A1F7-B830E0FE6792}.Release|x86.Build.0 = Release|Win32
	EndGlobalSection
	GlobalSection(SolutionProperties) = preSolution
		HideSolutionNode = FALSE
	EndGlobalSection
	GlobalSection(ExtensibilityGlobals) = postSolution
		SolutionGuid = {867A1022-5F22-4DEF-AD69-0884B537DB78}
	EndGlobalSection
EndGlobal
